
Microsoft Visual Studio Solution File, Format Version 12.00
# Visual Studio Version 17
VisualStudioVersion = 17.0.32014.148
MinimumVisualStudioVersion = 10.0.40219.1
Project("{9A19103F-16F7-4668-BE54-9A1E7A4F7556}") = "ESFS20", "ESFS20\ESFS20.csproj", "{EA46ED11-E19C-49A3-8475-91E4F314FEDE}"
EndProject
Project("{9A19103F-16F7-4668-BE54-9A1E7A4F7556}") = "WpfDataBaseLibrary", "WpfDataBaseLibrary\WpfDataBaseLibrary.csproj", "{2DDD2155-7EF7-4A6F-BA67-A5A4CA84AA0D}"
EndProject
Project("{FAE04EC0-301F-11D3-BF4B-00C04F79EFBC}") = "WpfMethodsDataBaseLibrary", "WpfMethodsDataBaseLibrary\WpfMethodsDataBaseLibrary.csproj", "{6BCA5A8C-C71D-48EA-8D00-457DE3FE0162}"
EndProject
Global
	GlobalSection(SolutionConfigurationPlatforms) = preSolution
		Debug|Any CPU = Debug|Any CPU
		Release|Any CPU = Release|Any CPU
	EndGlobalSection
	GlobalSection(ProjectConfigurationPlatforms) = postSolution
		{EA46ED11-E19C-49A3-8475-91E4F314FEDE}.Debug|Any CPU.ActiveCfg = Debug|Any CPU
		{EA46ED11-E19C-49A3-8475-91E4F314FEDE}.Debug|Any CPU.Build.0 = Debug|Any CPU
		{EA46ED11-E19C-49A3-8475-91E4F314FEDE}.Release|Any CPU.ActiveCfg = Release|Any CPU
		{EA46ED11-E19C-49A3-8475-91E4F314FEDE}.Release|Any CPU.Build.0 = Release|Any CPU
		{2DDD2155-7EF7-4A6F-BA67-A5A4CA84AA0D}.Debug|Any CPU.ActiveCfg = Debug|Any CPU
		{2DDD2155-7EF7-4A6F-BA67-A5A4CA84AA0D}.Debug|Any CPU.Build.0 = Debug|Any CPU
		{2DDD2155-7EF7-4A6F-BA67-A5A4CA84AA0D}.Release|Any CPU.ActiveCfg = Release|Any CPU
		{2DDD2155-7EF7-4A6F-BA67-A5A4CA84AA0D}.Release|Any CPU.Build.0 = Release|Any CPU
		{6BCA5A8C-C71D-48EA-8D00-457DE3FE0162}.Debug|Any CPU.ActiveCfg = Debug|Any CPU
		{6BCA5A8C-C71D-48EA-8D00-457DE3FE0162}.Debug|Any CPU.Build.0 = Debug|Any CPU
		{6BCA5A8C-C71D-48EA-8D00-457DE3FE0162}.Release|Any CPU.ActiveCfg = Release|Any CPU
		{6BCA5A8C-C71D-48EA-8D00-457DE3FE0162}.Release|Any CPU.Build.0 = Release|Any CPU
	EndGlobalSection
	GlobalSection(SolutionProperties) = preSolution
		HideSolutionNode = FALSE
	EndGlobalSection
	GlobalSection(ExtensibilityGlobals) = postSolution
		SolutionGuid = {0606C4AE-B8F1-402E-AF96-45927E07E515}
	EndGlobalSection
EndGlobal
